
Microsoft Visual Studio Solution File, Format Version 12.00
# Visual Studio Version 17
VisualStudioVersion = 17.0.31903.59
MinimumVisualStudioVersion = 10.0.40219.1
Project("{FAE04EC0-301F-11D3-BF4B-00C04F79EFBC}") = "API", "API\API.csproj", "{B8A02EBF-3B88-4978-96EB-05881F6D2B83}"
EndProject
Project("{FAE04EC0-301F-11D3-BF4B-00C04F79EFBC}") = "Application", "Application\Application.csproj", "{FF32BF3F-F83E-47F2-9976-31B143D02E11}"
EndProject
Project("{FAE04EC0-301F-11D3-BF4B-00C04F79EFBC}") = "Domain", "Domain\Domain.csproj", "{F17ACD12-1830-45EE-982D-0BF2E0F23E0B}"
EndProject
Project("{FAE04EC0-301F-11D3-BF4B-00C04F79EFBC}") = "Persistence", "Persistence\Persistence.csproj", "{C3B45A55-7D7A-4690-B9AF-BEC2F6CDDB01}"
EndProject
Global
	GlobalSection(SolutionConfigurationPlatforms) = preSolution
		Debug|Any CPU = Debug|Any CPU
		Release|Any CPU = Release|Any CPU
	EndGlobalSection
	GlobalSection(SolutionProperties) = preSolution
		HideSolutionNode = FALSE
	EndGlobalSection
	GlobalSection(ProjectConfigurationPlatforms) = postSolution
		{B8A02EBF-3B88-4978-96EB-05881F6D2B83}.Debug|Any CPU.ActiveCfg = Debug|Any CPU
		{B8A02EBF-3B88-4978-96EB-05881F6D2B83}.Debug|Any CPU.Build.0 = Debug|Any CPU
		{B8A02EBF-3B88-4978-96EB-05881F6D2B83}.Release|Any CPU.ActiveCfg = Release|Any CPU
		{B8A02EBF-3B88-4978-96EB-05881F6D2B83}.Release|Any CPU.Build.0 = Release|Any CPU
		{FF32BF3F-F83E-47F2-9976-31B143D02E11}.Debug|Any CPU.ActiveCfg = Debug|Any CPU
		{FF32BF3F-F83E-47F2-9976-31B143D02E11}.Debug|Any CPU.Build.0 = Debug|Any CPU
		{FF32BF3F-F83E-47F2-9976-31B143D02E11}.Release|Any CPU.ActiveCfg = Release|Any CPU
		{FF32BF3F-F83E-47F2-9976-31B143D02E11}.Release|Any CPU.Build.0 = Release|Any CPU
		{F17ACD12-1830-45EE-982D-0BF2E0F23E0B}.Debug|Any CPU.ActiveCfg = Debug|Any CPU
		{F17ACD12-1830-45EE-982D-0BF2E0F23E0B}.Debug|Any CPU.Build.0 = Debug|Any CPU
		{F17ACD12-1830-45EE-982D-0BF2E0F23E0B}.Release|Any CPU.ActiveCfg = Release|Any CPU
		{F17ACD12-1830-45EE-982D-0BF2E0F23E0B}.Release|Any CPU.Build.0 = Release|Any CPU
		{C3B45A55-7D7A-4690-B9AF-BEC2F6CDDB01}.Debug|Any CPU.ActiveCfg = Debug|Any CPU
		{C3B45A55-7D7A-4690-B9AF-BEC2F6CDDB01}.Debug|Any CPU.Build.0 = Debug|Any CPU
		{C3B45A55-7D7A-4690-B9AF-BEC2F6CDDB01}.Release|Any CPU.ActiveCfg = Release|Any CPU
		{C3B45A55-7D7A-4690-B9AF-BEC2F6CDDB01}.Release|Any CPU.Build.0 = Release|Any CPU
	EndGlobalSection
EndGlobal
